
Microsoft Visual Studio Solution File, Format Version 12.00
# Visual Studio Version 17
VisualStudioVersion = 17.12.35514.174
MinimumVisualStudioVersion = 10.0.40219.1
Project("{2150E333-8FDC-42A3-9474-1A3956D46DE8}") = "Services", "Services", "{D3654365-52CB-465E-AAC3-BC13991E251D}"
EndProject
Project("{2150E333-8FDC-42A3-9474-1A3956D46DE8}") = "Catalog", "Catalog", "{E8C9F227-DCCA-474F-90DC-31A9A9C06BFD}"
EndProject
Project("{FAE04EC0-301F-11D3-BF4B-00C04F79EFBC}") = "Catalog.API", "Services\Catalog\Catalog.API\Catalog.API.csproj", "{167ED946-BC8C-4C07-B491-2764F6A7270D}"
EndProject
Project("{2150E333-8FDC-42A3-9474-1A3956D46DE8}") = "BuildingBlocks", "BuildingBlocks", "{5987285A-646D-4873-84D3-1892A6C35C25}"
EndProject
Project("{FAE04EC0-301F-11D3-BF4B-00C04F79EFBC}") = "BuildingBlocks", "BuildingBlocks\BuildingBlocks.csproj", "{0F0D73D6-887E-4FF9-A789-F3E41E66F12E}"
EndProject
Project("{E53339B2-1760-4266-BCC7-CA923CBCF16C}") = "docker-compose", "docker-compose.dcproj", "{53B74DC6-F93F-4738-BD17-5A537A4822EC}"
EndProject
Project("{2150E333-8FDC-42A3-9474-1A3956D46DE8}") = "Basket", "Basket", "{5798B517-6C9D-41CB-89CE-E52DCBE891D8}"
EndProject
Project("{FAE04EC0-301F-11D3-BF4B-00C04F79EFBC}") = "Basket.API", "Services\Basket\Basket.API\Basket.API.csproj", "{9B252C75-BC2F-4603-9AED-6709FBE00078}"
EndProject
Global
	GlobalSection(SolutionConfigurationPlatforms) = preSolution
		Debug|Any CPU = Debug|Any CPU
		Release|Any CPU = Release|Any CPU
	EndGlobalSection
	GlobalSection(ProjectConfigurationPlatforms) = postSolution
		{167ED946-BC8C-4C07-B491-2764F6A7270D}.Debug|Any CPU.ActiveCfg = Debug|Any CPU
		{167ED946-BC8C-4C07-B491-2764F6A7270D}.Debug|Any CPU.Build.0 = Debug|Any CPU
		{167ED946-BC8C-4C07-B491-2764F6A7270D}.Release|Any CPU.ActiveCfg = Release|Any CPU
		{167ED946-BC8C-4C07-B491-2764F6A7270D}.Release|Any CPU.Build.0 = Release|Any CPU
		{0F0D73D6-887E-4FF9-A789-F3E41E66F12E}.Debug|Any CPU.ActiveCfg = Debug|Any CPU
		{0F0D73D6-887E-4FF9-A789-F3E41E66F12E}.Debug|Any CPU.Build.0 = Debug|Any CPU
		{0F0D73D6-887E-4FF9-A789-F3E41E66F12E}.Release|Any CPU.ActiveCfg = Release|Any CPU
		{0F0D73D6-887E-4FF9-A789-F3E41E66F12E}.Release|Any CPU.Build.0 = Release|Any CPU
		{53B74DC6-F93F-4738-BD17-5A537A4822EC}.Debug|Any CPU.ActiveCfg = Debug|Any CPU
		{53B74DC6-F93F-4738-BD17-5A537A4822EC}.Debug|Any CPU.Build.0 = Debug|Any CPU
		{53B74DC6-F93F-4738-BD17-5A537A4822EC}.Release|Any CPU.ActiveCfg = Release|Any CPU
		{53B74DC6-F93F-4738-BD17-5A537A4822EC}.Release|Any CPU.Build.0 = Release|Any CPU
		{9B252C75-BC2F-4603-9AED-6709FBE00078}.Debug|Any CPU.ActiveCfg = Debug|Any CPU
		{9B252C75-BC2F-4603-9AED-6709FBE00078}.Debug|Any CPU.Build.0 = Debug|Any CPU
		{9B252C75-BC2F-4603-9AED-6709FBE00078}.Release|Any CPU.ActiveCfg = Release|Any CPU
		{9B252C75-BC2F-4603-9AED-6709FBE00078}.Release|Any CPU.Build.0 = Release|Any CPU
	EndGlobalSection
	GlobalSection(SolutionProperties) = preSolution
		HideSolutionNode = FALSE
	EndGlobalSection
	GlobalSection(NestedProjects) = preSolution
		{E8C9F227-DCCA-474F-90DC-31A9A9C06BFD} = {D3654365-52CB-465E-AAC3-BC13991E251D}
		{167ED946-BC8C-4C07-B491-2764F6A7270D} = {E8C9F227-DCCA-474F-90DC-31A9A9C06BFD}
		{0F0D73D6-887E-4FF9-A789-F3E41E66F12E} = {5987285A-646D-4873-84D3-1892A6C35C25}
		{5798B517-6C9D-41CB-89CE-E52DCBE891D8} = {D3654365-52CB-465E-AAC3-BC13991E251D}
		{9B252C75-BC2F-4603-9AED-6709FBE00078} = {5798B517-6C9D-41CB-89CE-E52DCBE891D8}
	EndGlobalSection
EndGlobal
